gitlab.com/aao-fyi/resources/fonts v0.0.0-20230430212351-abaacb2a2eed h1:MrGtd2vbfchlAUtNqJHRzwfHD0ErLPpd3ib2DDOqiO0=
gitlab.com/aao-fyi/resources/fonts v0.0.0-20230430212351-abaacb2a2eed/go.mod h1:W9jHg12WWFPYMl/B09EBjnCaK9hs82dfUIMjSwyQehw=
gitlab.com/aao-fyi/shock v0.0.0-20230522211655-23e27f37fdad h1:ok+xisTlPto0ti7F4PBWgutxmsSs5j0J4wUS2bIxZWA=
gitlab.com/aao-fyi/shock v0.0.0-20230522211655-23e27f37fdad/go.mod h1:B9ZZM5XqtfMktPpWcI9RYS3A3Ujuue8s4sLjZVXp88M=
