gitlab.com/aao-fyi/resources/fonts v0.0.0-20230430212351-abaacb2a2eed h1:MrGtd2vbfchlAUtNqJHRzwfHD0ErLPpd3ib2DDOqiO0=
gitlab.com/aao-fyi/resources/fonts v0.0.0-20230430212351-abaacb2a2eed/go.mod h1:W9jHg12WWFPYMl/B09EBjnCaK9hs82dfUIMjSwyQehw=
gitlab.com/aao-fyi/shock v0.0.0-20230429212217-e0247616b094 h1:YnLSz9n9febvG8icJyvW23HLF8Mcfr+9UC/TKVfVPjU=
gitlab.com/aao-fyi/shock v0.0.0-20230429212217-e0247616b094/go.mod h1:fn/aDIBh6lpJ5uglqvduuFPOWtw46/ZUeITBzEioryo=
