gitlab.com/aao-fyi/resources/fonts v0.0.0-20230430212351-abaacb2a2eed h1:MrGtd2vbfchlAUtNqJHRzwfHD0ErLPpd3ib2DDOqiO0=
gitlab.com/aao-fyi/resources/fonts v0.0.0-20230430212351-abaacb2a2eed/go.mod h1:W9jHg12WWFPYMl/B09EBjnCaK9hs82dfUIMjSwyQehw=
gitlab.com/aao-fyi/shock v0.0.0-20230610204707-2ace6acb9152 h1:BWOtAGcVyuyh5Lv7bChLzdGr6u0wT397DtXZNa7zJ6U=
gitlab.com/aao-fyi/shock v0.0.0-20230610204707-2ace6acb9152/go.mod h1:14/rcSliHOmN2kxdyoQntHnZcBnxGdjgsbT6YZzPjFk=
